
Microsoft Visual Studio Solution File, Format Version 12.00
# Visual Studio Version 17
VisualStudioVersion = 17.2.32505.173
MinimumVisualStudioVersion = 10.0.40219.1
Project("{FAE04EC0-301F-11D3-BF4B-00C04F79EFBC}") = "3DArrays", "3DArrays\3DArrays.csproj", "{787CE1E8-CDAD-404D-A6B3-62BB42358249}"
EndProject
Global
	GlobalSection(SolutionConfigurationPlatforms) = preSolution
		Debug|Any CPU = Debug|Any CPU
		Release|Any CPU = Release|Any CPU
	EndGlobalSection
	GlobalSection(ProjectConfigurationPlatforms) = postSolution
		{787CE1E8-CDAD-404D-A6B3-62BB42358249}.Debug|Any CPU.ActiveCfg = Debug|Any CPU
		{787CE1E8-CDAD-404D-A6B3-62BB42358249}.Debug|Any CPU.Build.0 = Debug|Any CPU
		{787CE1E8-CDAD-404D-A6B3-62BB42358249}.Release|Any CPU.ActiveCfg = Release|Any CPU
		{787CE1E8-CDAD-404D-A6B3-62BB42358249}.Release|Any CPU.Build.0 = Release|Any CPU
	EndGlobalSection
	GlobalSection(SolutionProperties) = preSolution
		HideSolutionNode = FALSE
	EndGlobalSection
	GlobalSection(ExtensibilityGlobals) = postSolution
		SolutionGuid = {39D2B158-C61F-452D-9E2B-2158DD2895EA}
	EndGlobalSection
EndGlobal
